
Microsoft Visual Studio Solution File, Format Version 12.00
# Visual Studio Version 17
VisualStudioVersion = 17.8.34511.84
MinimumVisualStudioVersion = 10.0.40219.1
Project("{FAE04EC0-301F-11D3-BF4B-00C04F79EFBC}") = "Windows form - Create ADO .Net", "Windows form - Create ADO .Net\Windows form - Create ADO .Net.csproj", "{288451CC-BBE5-4B56-81FB-43414F4A17F8}"
EndProject
Global
	GlobalSection(SolutionConfigurationPlatforms) = preSolution
		Debug|Any CPU = Debug|Any CPU
		Release|Any CPU = Release|Any CPU
	EndGlobalSection
	GlobalSection(ProjectConfigurationPlatforms) = postSolution
		{288451CC-BBE5-4B56-81FB-43414F4A17F8}.Debug|Any CPU.ActiveCfg = Debug|Any CPU
		{288451CC-BBE5-4B56-81FB-43414F4A17F8}.Debug|Any CPU.Build.0 = Debug|Any CPU
		{288451CC-BBE5-4B56-81FB-43414F4A17F8}.Release|Any CPU.ActiveCfg = Release|Any CPU
		{288451CC-BBE5-4B56-81FB-43414F4A17F8}.Release|Any CPU.Build.0 = Release|Any CPU
	EndGlobalSection
	GlobalSection(SolutionProperties) = preSolution
		HideSolutionNode = FALSE
	EndGlobalSection
	GlobalSection(ExtensibilityGlobals) = postSolution
		SolutionGuid = {C4472169-1F88-44B2-B9F1-52AF9A7E6F75}
	EndGlobalSection
EndGlobal
